
Microsoft Visual Studio Solution File, Format Version 12.00
# Visual Studio Version 17
VisualStudioVersion = 17.2.32630.192
MinimumVisualStudioVersion = 10.0.40219.1
Project("{9A19103F-16F7-4668-BE54-9A1E7A4F7556}") = "F10Y.T0001.Construction", "F10Y.T0001.Construction\F10Y.T0001.Construction.csproj", "{8CB1F520-A46C-4811-BBBB-6518AC1835B0}"
EndProject
Project("{9A19103F-16F7-4668-BE54-9A1E7A4F7556}") = "F10Y.T0001", "F10Y.T0001\F10Y.T0001.csproj", "{2AE65E13-733D-4DC5-B3EE-315446527380}"
EndProject
Global
	GlobalSection(SolutionConfigurationPlatforms) = preSolution
		Debug|Any CPU = Debug|Any CPU
		Release|Any CPU = Release|Any CPU
	EndGlobalSection
	GlobalSection(ProjectConfigurationPlatforms) = postSolution
		{8CB1F520-A46C-4811-BBBB-6518AC1835B0}.Debug|Any CPU.ActiveCfg = Debug|Any CPU
		{8CB1F520-A46C-4811-BBBB-6518AC1835B0}.Debug|Any CPU.Build.0 = Debug|Any CPU
		{8CB1F520-A46C-4811-BBBB-6518AC1835B0}.Release|Any CPU.ActiveCfg = Release|Any CPU
		{8CB1F520-A46C-4811-BBBB-6518AC1835B0}.Release|Any CPU.Build.0 = Release|Any CPU
		{2AE65E13-733D-4DC5-B3EE-315446527380}.Debug|Any CPU.ActiveCfg = Debug|Any CPU
		{2AE65E13-733D-4DC5-B3EE-315446527380}.Debug|Any CPU.Build.0 = Debug|Any CPU
		{2AE65E13-733D-4DC5-B3EE-315446527380}.Release|Any CPU.ActiveCfg = Release|Any CPU
		{2AE65E13-733D-4DC5-B3EE-315446527380}.Release|Any CPU.Build.0 = Release|Any CPU
	EndGlobalSection
	GlobalSection(SolutionProperties) = preSolution
		HideSolutionNode = FALSE
	EndGlobalSection
	GlobalSection(ExtensibilityGlobals) = postSolution
		SolutionGuid = {4EB8814E-A19A-4683-B6ED-04F5FBAA5682}
	EndGlobalSection
EndGlobal
